{
  "name": "01a_blockchain_demo",
  "version": "1.0.0",
  "description": "",
  "main": "block.js",
  "scripts": {
    "test": "echo \"Error: no test specified\" && exit 1",
    "dev-test": "nodemon dev-test"
  },
  "repository": {
    "type": "git",
    "url": "https://github.com/yWarsame/01a_Blockchain_Demo.git"
  },
  "keywords": [],
  "author": "",
  "license": "ISC",
  "type": "commonjs",
  "bugs": {
    "url": "https://github.com/04-ComCave-SYSII/01a_Blockchain_Demo/issues"
  },
  "homepage": "https://github.com/04-ComCave-SYSII/01a_Blockchain_Demo#readme",
  "devDependencies": {
    "jest": "^30.3.0",
    "nodemon": "^3.1.14"
  },
  "dependencies": {
    "crypto-js": "^4.2.0",
    "glob": "^13.0.6",
    "lru-cache": "^11.2.7"
  }
}